
Microsoft Visual Studio Solution File, Format Version 12.00
# Visual Studio Version 17
VisualStudioVersion = 17.13.35828.75
MinimumVisualStudioVersion = 10.0.40219.1
Project("{FAE04EC0-301F-11D3-BF4B-00C04F79EFBC}") = "SPI-Cancellation-Service", "SPI-Cancellation-Service.csproj", "{9270A5B6-BBAA-4B37-8204-5D9BB96A1649}"
EndProject
Global
	GlobalSection(SolutionConfigurationPlatforms) = preSolution
		Debug|Any CPU = Debug|Any CPU
		Release|Any CPU = Release|Any CPU
	EndGlobalSection
	GlobalSection(ProjectConfigurationPlatforms) = postSolution
		{9270A5B6-BBAA-4B37-8204-5D9BB96A1649}.Debug|Any CPU.ActiveCfg = Debug|Any CPU
		{9270A5B6-BBAA-4B37-8204-5D9BB96A1649}.Debug|Any CPU.Build.0 = Debug|Any CPU
		{9270A5B6-BBAA-4B37-8204-5D9BB96A1649}.Release|Any CPU.ActiveCfg = Release|Any CPU
		{9270A5B6-BBAA-4B37-8204-5D9BB96A1649}.Release|Any CPU.Build.0 = Release|Any CPU
	EndGlobalSection
	GlobalSection(SolutionProperties) = preSolution
		HideSolutionNode = FALSE
	EndGlobalSection
	GlobalSection(ExtensibilityGlobals) = postSolution
		SolutionGuid = {A38234C9-68F5-4C84-971D-645E6736F966}
	EndGlobalSection
EndGlobal
